
Microsoft Visual Studio Solution File, Format Version 12.00
# Visual Studio Version 17
VisualStudioVersion = 17.5.33530.505
MinimumVisualStudioVersion = 10.0.40219.1
Project("{FAE04EC0-301F-11D3-BF4B-00C04F79EFBC}") = "pushistin", "pushistin\pushistin.csproj", "{5B7924A3-06B9-45D6-8D58-7321067BEA78}"
EndProject
Global
	GlobalSection(SolutionConfigurationPlatforms) = preSolution
		Debug|Any CPU = Debug|Any CPU
		Release|Any CPU = Release|Any CPU
	EndGlobalSection
	GlobalSection(ProjectConfigurationPlatforms) = postSolution
		{5B7924A3-06B9-45D6-8D58-7321067BEA78}.Debug|Any CPU.ActiveCfg = Debug|Any CPU
		{5B7924A3-06B9-45D6-8D58-7321067BEA78}.Debug|Any CPU.Build.0 = Debug|Any CPU
		{5B7924A3-06B9-45D6-8D58-7321067BEA78}.Release|Any CPU.ActiveCfg = Release|Any CPU
		{5B7924A3-06B9-45D6-8D58-7321067BEA78}.Release|Any CPU.Build.0 = Release|Any CPU
	EndGlobalSection
	GlobalSection(SolutionProperties) = preSolution
		HideSolutionNode = FALSE
	EndGlobalSection
	GlobalSection(ExtensibilityGlobals) = postSolution
		SolutionGuid = {AFF0EB87-14E9-4D82-9795-F7E1CA52D063}
	EndGlobalSection
EndGlobal
